// !$*UTF8*$!
{
	archiveVersion = 1;
	classes = {
	};
	objectVersion = 77;
	objects = {

/* Begin PBXBuildFile section */
		103FA7A12D54709F00D6F723 /* RealmSwift in Frameworks */ = {isa = PBXBuildFile; productRef = 103FA7A02D54709F00D6F723 /* RealmSwift */; };
		103FA7A22D54714300D6F723 /* RealmSwift in Embed Frameworks */ = {isa = PBXBuildFile; productRef = 103FA7A02D54709F00D6F723 /* RealmSwift */; settings = {ATTRIBUTES = (CodeSignOnCopy, ); }; };
		103FA7D22D54A51D00D6F723 /* FirebaseAuth in Frameworks */ = {isa = PBXBuildFile; productRef = 103FA7D12D54A51D00D6F723 /* FirebaseAuth */; };
		103FA7D42D54A51D00D6F723 /* FirebaseAuthCombine-Community in Frameworks */ = {isa = PBXBuildFile; productRef = 103FA7D32D54A51D00D6F723 /* FirebaseAuthCombine-Community */; };
		10D9A0A92D537F4800D56B16 /* GoogleSignIn in Frameworks */ = {isa = PBXBuildFile; productRef = 10D9A0A82D537F4800D56B16 /* GoogleSignIn */; };
		10D9A0AB2D537F4800D56B16 /* GoogleSignInSwift in Frameworks */ = {isa = PBXBuildFile; productRef = 10D9A0AA2D537F4800D56B16 /* GoogleSignInSwift */; };
		6BA06B552D550D1E00AA7F4F /* Inject in Frameworks */ = {isa = PBXBuildFile; productRef = 6BA06B542D550D1E00AA7F4F /* Inject */; };
/* End PBXBuildFile section */

/* Begin PBXContainerItemProxy section */
		6B1F64A02D0554A700CDFA3D /* PBXContainerItemProxy */ = {
			isa = PBXContainerItemProxy;
			containerPortal = 6B1F64852D0554A400CDFA3D /* Project object */;
			proxyType = 1;
			remoteGlobalIDString = 6B1F648C2D0554A400CDFA3D;
			remoteInfo = Zen;
		};
		6B1F64AA2D0554A700CDFA3D /* PBXContainerItemProxy */ = {
			isa = PBXContainerItemProxy;
			containerPortal = 6B1F64852D0554A400CDFA3D /* Project object */;
			proxyType = 1;
			remoteGlobalIDString = 6B1F648C2D0554A400CDFA3D;
			remoteInfo = Zen;
		};
/* End PBXContainerItemProxy section */

/* Begin PBXCopyFilesBuildPhase section */
		103FA7A32D54714300D6F723 /* Embed Frameworks */ = {
			isa = PBXCopyFilesBuildPhase;
			buildActionMask = 2147483647;
			dstPath = "";
			dstSubfolderSpec = 10;
			files = (
				103FA7A22D54714300D6F723 /* RealmSwift in Embed Frameworks */,
			);
			name = "Embed Frameworks";
			runOnlyForDeploymentPostprocessing = 0;
		};
/* End PBXCopyFilesBuildPhase section */

/* Begin PBXFileReference section */
		6B1F648D2D0554A400CDFA3D /* Zen.app */ = {isa = PBXFileReference; explicitFileType = wrapper.application; includeInIndex = 0; path = Zen.app; sourceTree = BUILT_PRODUCTS_DIR; };
		6B1F649F2D0554A700CDFA3D /* ZenTests.xctest */ = {isa = PBXFileReference; explicitFileType = wrapper.cfbundle; includeInIndex = 0; path = ZenTests.xctest; sourceTree = BUILT_PRODUCTS_DIR; };
		6B1F64A92D0554A700CDFA3D /* ZenUITests.xctest */ = {isa = PBXFileReference; explicitFileType = wrapper.cfbundle; includeInIndex = 0; path = ZenUITests.xctest; sourceTree = BUILT_PRODUCTS_DIR; };
/* End PBXFileReference section */

/* Begin PBXFileSystemSynchronizedRootGroup section */
		6B1F648F2D0554A400CDFA3D /* Zen */ = {
			isa = PBXFileSystemSynchronizedRootGroup;
			path = Zen;
			sourceTree = "<group>";
		};
		6B1F64A22D0554A700CDFA3D /* ZenTests */ = {
			isa = PBXFileSystemSynchronizedRootGroup;
			path = ZenTests;
			sourceTree = "<group>";
		};
		6B1F64AC2D0554A700CDFA3D /* ZenUITests */ = {
			isa = PBXFileSystemSynchronizedRootGroup;
			path = ZenUITests;
			sourceTree = "<group>";
		};
/* End PBXFileSystemSynchronizedRootGroup section */

/* Begin PBXFrameworksBuildPhase section */
		6B1F648A2D0554A400CDFA3D /* Frameworks */ = {
			isa = PBXFrameworksBuildPhase;
			buildActionMask = 2147483647;
			files = (
				103FA7A12D54709F00D6F723 /* RealmSwift in Frameworks */,
				10D9A0A92D537F4800D56B16 /* GoogleSignIn in Frameworks */,
				10D9A0AB2D537F4800D56B16 /* GoogleSignInSwift in Frameworks */,
				103FA7D22D54A51D00D6F723 /* FirebaseAuth in Frameworks */,
				103FA7D42D54A51D00D6F723 /* FirebaseAuthCombine-Community in Frameworks */,
				6BA06B552D550D1E00AA7F4F /* Inject in Frameworks */,
			);
			runOnlyForDeploymentPostprocessing = 0;
		};
		6B1F649C2D0554A700CDFA3D /* Frameworks */ = {
			isa = PBXFrameworksBuildPhase;
			buildActionMask = 2147483647;
			files = (
			);
			runOnlyForDeploymentPostprocessing = 0;
		};
		6B1F64A62D0554A700CDFA3D /* Frameworks */ = {
			isa = PBXFrameworksBuildPhase;
			buildActionMask = 2147483647;
			files = (
			);
			runOnlyForDeploymentPostprocessing = 0;
		};
/* End PBXFrameworksBuildPhase section */

/* Begin PBXGroup section */
		6B1F64842D0554A400CDFA3D = {
			isa = PBXGroup;
			children = (
				6B1F648F2D0554A400CDFA3D /* Zen */,
				6B1F64A22D0554A700CDFA3D /* ZenTests */,
				6B1F64AC2D0554A700CDFA3D /* ZenUITests */,
				6B1F648E2D0554A400CDFA3D /* Products */,
			);
			sourceTree = "<group>";
		};
		6B1F648E2D0554A400CDFA3D /* Products */ = {
			isa = PBXGroup;
			children = (
				6B1F648D2D0554A400CDFA3D /* Zen.app */,
				6B1F649F2D0554A700CDFA3D /* ZenTests.xctest */,
				6B1F64A92D0554A700CDFA3D /* ZenUITests.xctest */,
			);
			name = Products;
			sourceTree = "<group>";
		};
/* End PBXGroup section */

/* Begin PBXNativeTarget section */
		6B1F648C2D0554A400CDFA3D /* Zen */ = {
			isa = PBXNativeTarget;
			buildConfigurationList = 6B1F64B32D0554A700CDFA3D /* Build configuration list for PBXNativeTarget "Zen" */;
			buildPhases = (
				6B1F64892D0554A400CDFA3D /* Sources */,
				6B1F648A2D0554A400CDFA3D /* Frameworks */,
				6B1F648B2D0554A400CDFA3D /* Resources */,
				103FA7A32D54714300D6F723 /* Embed Frameworks */,
			);
			buildRules = (
			);
			dependencies = (
			);
			fileSystemSynchronizedGroups = (
				6B1F648F2D0554A400CDFA3D /* Zen */,
			);
			name = Zen;
			packageProductDependencies = (
				10D9A0A82D537F4800D56B16 /* GoogleSignIn */,
				10D9A0AA2D537F4800D56B16 /* GoogleSignInSwift */,
				103FA7A02D54709F00D6F723 /* RealmSwift */,
				103FA7D12D54A51D00D6F723 /* FirebaseAuth */,
				103FA7D32D54A51D00D6F723 /* FirebaseAuthCombine-Community */,
				6BA06B542D550D1E00AA7F4F /* Inject */,
			);
			productName = Zen;
			productReference = 6B1F648D2D0554A400CDFA3D /* Zen.app */;
			productType = "com.apple.product-type.application";
		};
		6B1F649E2D0554A700CDFA3D /* ZenTests */ = {
			isa = PBXNativeTarget;
			buildConfigurationList = 6B1F64B62D0554A700CDFA3D /* Build configuration list for PBXNativeTarget "ZenTests" */;
			buildPhases = (
				6B1F649B2D0554A700CDFA3D /* Sources */,
				6B1F649C2D0554A700CDFA3D /* Frameworks */,
				6B1F649D2D0554A700CDFA3D /* Resources */,
			);
			buildRules = (
			);
			dependencies = (
				6B1F64A12D0554A700CDFA3D /* PBXTargetDependency */,
			);
			fileSystemSynchronizedGroups = (
				6B1F64A22D0554A700CDFA3D /* ZenTests */,
			);
			name = ZenTests;
			packageProductDependencies = (
			);
			productName = ZenTests;
			productReference = 6B1F649F2D0554A700CDFA3D /* ZenTests.xctest */;
			productType = "com.apple.product-type.bundle.unit-test";
		};
		6B1F64A82D0554A700CDFA3D /* ZenUITests */ = {
			isa = PBXNativeTarget;
			buildConfigurationList = 6B1F64B92D0554A700CDFA3D /* Build configuration list for PBXNativeTarget "ZenUITests" */;
			buildPhases = (
				6B1F64A52D0554A700CDFA3D /* Sources */,
				6B1F64A62D0554A700CDFA3D /* Frameworks */,
				6B1F64A72D0554A700CDFA3D /* Resources */,
			);
			buildRules = (
			);
			dependencies = (
				6B1F64AB2D0554A700CDFA3D /* PBXTargetDependency */,
			);
			fileSystemSynchronizedGroups = (
				6B1F64AC2D0554A700CDFA3D /* ZenUITests */,
			);
			name = ZenUITests;
			packageProductDependencies = (
			);
			productName = ZenUITests;
			productReference = 6B1F64A92D0554A700CDFA3D /* ZenUITests.xctest */;
			productType = "com.apple.product-type.bundle.ui-testing";
		};
/* End PBXNativeTarget section */

/* Begin PBXProject section */
		6B1F64852D0554A400CDFA3D /* Project object */ = {
			isa = PBXProject;
			attributes = {
				BuildIndependentTargetsInParallel = 1;
				LastSwiftUpdateCheck = 1600;
				LastUpgradeCheck = 1600;
				TargetAttributes = {
					6B1F648C2D0554A400CDFA3D = {
						CreatedOnToolsVersion = 16.0;
					};
					6B1F649E2D0554A700CDFA3D = {
						CreatedOnToolsVersion = 16.0;
						TestTargetID = 6B1F648C2D0554A400CDFA3D;
					};
					6B1F64A82D0554A700CDFA3D = {
						CreatedOnToolsVersion = 16.0;
						TestTargetID = 6B1F648C2D0554A400CDFA3D;
					};
				};
			};
			buildConfigurationList = 6B1F64882D0554A400CDFA3D /* Build configuration list for PBXProject "Zen" */;
			developmentRegion = en;
			hasScannedForEncodings = 0;
			knownRegions = (
				en,
				Base,
			);
			mainGroup = 6B1F64842D0554A400CDFA3D;
			minimizedProjectReferenceProxies = 1;
			packageReferences = (
				10D9A0A72D537F4800D56B16 /* XCRemoteSwiftPackageReference "GoogleSignIn-iOS" */,
				103FA79F2D54709F00D6F723 /* XCRemoteSwiftPackageReference "realm-swift" */,
				103FA7D02D54A51D00D6F723 /* XCRemoteSwiftPackageReference "firebase-ios-sdk" */,
				6BA06B532D550D1E00AA7F4F /* XCRemoteSwiftPackageReference "Inject" */,
			);
			preferredProjectObjectVersion = 77;
			productRefGroup = 6B1F648E2D0554A400CDFA3D /* Products */;
			projectDirPath = "";
			projectRoot = "";
			targets = (
				6B1F648C2D0554A400CDFA3D /* Zen */,
				6B1F649E2D0554A700CDFA3D /* ZenTests */,
				6B1F64A82D0554A700CDFA3D /* ZenUITests */,
			);
		};
/* End PBXProject section */

/* Begin PBXResourcesBuildPhase section */
		6B1F648B2D0554A400CDFA3D /* Resources */ = {
			isa = PBXResourcesBuildPhase;
			buildActionMask = 2147483647;
			files = (
			);
			runOnlyForDeploymentPostprocessing = 0;
		};
		6B1F649D2D0554A700CDFA3D /* Resources */ = {
			isa = PBXResourcesBuildPhase;
			buildActionMask = 2147483647;
			files = (
			);
			runOnlyForDeploymentPostprocessing = 0;
		};
		6B1F64A72D0554A700CDFA3D /* Resources */ = {
			isa = PBXResourcesBuildPhase;
			buildActionMask = 2147483647;
			files = (
			);
			runOnlyForDeploymentPostprocessing = 0;
		};
/* End PBXResourcesBuildPhase section */

/* Begin PBXSourcesBuildPhase section */
		6B1F64892D0554A400CDFA3D /* Sources */ = {
			isa = PBXSourcesBuildPhase;
			buildActionMask = 2147483647;
			files = (
			);
			runOnlyForDeploymentPostprocessing = 0;
		};
		6B1F649B2D0554A700CDFA3D /* Sources */ = {
			isa = PBXSourcesBuildPhase;
			buildActionMask = 2147483647;
			files = (
			);
			runOnlyForDeploymentPostprocessing = 0;
		};
		6B1F64A52D0554A700CDFA3D /* Sources */ = {
			isa = PBXSourcesBuildPhase;
			buildActionMask = 2147483647;
			files = (
			);
			runOnlyForDeploymentPostprocessing = 0;
		};
/* End PBXSourcesBuildPhase section */

/* Begin PBXTargetDependency section */
		6B1F64A12D0554A700CDFA3D /* PBXTargetDependency */ = {
			isa = PBXTargetDependency;
			target = 6B1F648C2D0554A400CDFA3D /* Zen */;
			targetProxy = 6B1F64A02D0554A700CDFA3D /* PBXContainerItemProxy */;
		};
		6B1F64AB2D0554A700CDFA3D /* PBXTargetDependency */ = {
			isa = PBXTargetDependency;
			target = 6B1F648C2D0554A400CDFA3D /* Zen */;
			targetProxy = 6B1F64AA2D0554A700CDFA3D /* PBXContainerItemProxy */;
		};
/* End PBXTargetDependency section */

/* Begin XCBuildConfiguration section */
		6B1F64B12D0554A700CDFA3D /* Debug */ = {
			isa = XCBuildConfiguration;
			buildSettings = {
				ALWAYS_SEARCH_USER_PATHS = NO;
				ASSETCATALOG_COMPILER_GENERATE_SWIFT_ASSET_SYMBOL_EXTENSIONS = YES;
				CLANG_ANALYZER_NONNULL = YES;
				CLANG_ANALYZER_NUMBER_OBJECT_CONVERSION = YES_AGGRESSIVE;
				CLANG_CXX_LANGUAGE_STANDARD = "gnu++20";
				CLANG_ENABLE_MODULES = YES;
				CLANG_ENABLE_OBJC_ARC = YES;
				CLANG_ENABLE_OBJC_WEAK = YES;
				CLANG_WARN_BLOCK_CAPTURE_AUTORELEASING = YES;
				CLANG_WARN_BOOL_CONVERSION = YES;
				CLANG_WARN_COMMA = YES;
				CLANG_WARN_CONSTANT_CONVERSION = YES;
				CLANG_WARN_DEPRECATED_OBJC_IMPLEMENTATIONS = YES;
				CLANG_WARN_DIRECT_OBJC_ISA_USAGE = YES_ERROR;
				CLANG_WARN_DOCUMENTATION_COMMENTS = YES;
				CLANG_WARN_EMPTY_BODY = YES;
				CLANG_WARN_ENUM_CONVERSION = YES;
				CLANG_WARN_INFINITE_RECURSION = YES;
				CLANG_WARN_INT_CONVERSION = YES;
				CLANG_WARN_NON_LITERAL_NULL_CONVERSION = YES;
				CLANG_WARN_OBJC_IMPLICIT_RETAIN_SELF = YES;
				CLANG_WARN_OBJC_LITERAL_CONVERSION = YES;
				CLANG_WARN_OBJC_ROOT_CLASS = YES_ERROR;
				CLANG_WARN_QUOTED_INCLUDE_IN_FRAMEWORK_HEADER = YES;
				CLANG_WARN_RANGE_LOOP_ANALYSIS = YES;
				CLANG_WARN_STRICT_PROTOTYPES = YES;
				CLANG_WARN_SUSPICIOUS_MOVE = YES;
				CLANG_WARN_UNGUARDED_AVAILABILITY = YES_AGGRESSIVE;
				CLANG_WARN_UNREACHABLE_CODE = YES;
				CLANG_WARN__DUPLICATE_METHOD_MATCH = YES;
				COPY_PHASE_STRIP = NO;
				DEBUG_INFORMATION_FORMAT = dwarf;
				ENABLE_STRICT_OBJC_MSGSEND = YES;
				ENABLE_TESTABILITY = YES;
				ENABLE_USER_SCRIPT_SANDBOXING = YES;
				GCC_C_LANGUAGE_STANDARD = gnu17;
				GCC_DYNAMIC_NO_PIC = NO;
				GCC_NO_COMMON_BLOCKS = YES;
				GCC_OPTIMIZATION_LEVEL = 0;
				GCC_PREPROCESSOR_DEFINITIONS = (
					"DEBUG=1",
					"$(inherited)",
				);
				GCC_WARN_64_TO_32_BIT_CONVERSION = YES;
				GCC_WARN_ABOUT_RETURN_TYPE = YES_ERROR;
				GCC_WARN_UNDECLARED_SELECTOR = YES;
				GCC_WARN_UNINITIALIZED_AUTOS = YES_AGGRESSIVE;
				GCC_WARN_UNUSED_FUNCTION = YES;
				GCC_WARN_UNUSED_VARIABLE = YES;
				IPHONEOS_DEPLOYMENT_TARGET = 18.0;
				LOCALIZATION_PREFERS_STRING_CATALOGS = YES;
				MTL_ENABLE_DEBUG_INFO = INCLUDE_SOURCE;
				MTL_FAST_MATH = YES;
				ONLY_ACTIVE_ARCH = YES;
				SDKROOT = iphoneos;
				SWIFT_ACTIVE_COMPILATION_CONDITIONS = "DEBUG $(inherited)";
				SWIFT_OPTIMIZATION_LEVEL = "-Onone";
			};
			name = Debug;
		};
		6B1F64B22D0554A700CDFA3D /* Release */ = {
			isa = XCBuildConfiguration;
			buildSettings = {
				ALWAYS_SEARCH_USER_PATHS = NO;
				ASSETCATALOG_COMPILER_GENERATE_SWIFT_ASSET_SYMBOL_EXTENSIONS = YES;
				CLANG_ANALYZER_NONNULL = YES;
				CLANG_ANALYZER_NUMBER_OBJECT_CONVERSION = YES_AGGRESSIVE;
				CLANG_CXX_LANGUAGE_STANDARD = "gnu++20";
				CLANG_ENABLE_MODULES = YES;
				CLANG_ENABLE_OBJC_ARC = YES;
				CLANG_ENABLE_OBJC_WEAK = YES;
				CLANG_WARN_BLOCK_CAPTURE_AUTORELEASING = YES;
				CLANG_WARN_BOOL_CONVERSION = YES;
				CLANG_WARN_COMMA = YES;
				CLANG_WARN_CONSTANT_CONVERSION = YES;
				CLANG_WARN_DEPRECATED_OBJC_IMPLEMENTATIONS = YES;
				CLANG_WARN_DIRECT_OBJC_ISA_USAGE = YES_ERROR;
				CLANG_WARN_DOCUMENTATION_COMMENTS = YES;
				CLANG_WARN_EMPTY_BODY = YES;
				CLANG_WARN_ENUM_CONVERSION = YES;
				CLANG_WARN_INFINITE_RECURSION = YES;
				CLANG_WARN_INT_CONVERSION = YES;
				CLANG_WARN_NON_LITERAL_NULL_CONVERSION = YES;
				CLANG_WARN_OBJC_IMPLICIT_RETAIN_SELF = YES;
				CLANG_WARN_OBJC_LITERAL_CONVERSION = YES;
				CLANG_WARN_OBJC_ROOT_CLASS = YES_ERROR;
				CLANG_WARN_QUOTED_INCLUDE_IN_FRAMEWORK_HEADER = YES;
				CLANG_WARN_RANGE_LOOP_ANALYSIS = YES;
				CLANG_WARN_STRICT_PROTOTYPES = YES;
				CLANG_WARN_SUSPICIOUS_MOVE = YES;
				CLANG_WARN_UNGUARDED_AVAILABILITY = YES_AGGRESSIVE;
				CLANG_WARN_UNREACHABLE_CODE = YES;
				CLANG_WARN__DUPLICATE_METHOD_MATCH = YES;
				COPY_PHASE_STRIP = NO;
				DEBUG_INFORMATION_FORMAT = "dwarf-with-dsym";
				ENABLE_NS_ASSERTIONS = NO;
				ENABLE_STRICT_OBJC_MSGSEND = YES;
				ENABLE_USER_SCRIPT_SANDBOXING = YES;
				GCC_C_LANGUAGE_STANDARD = gnu17;
				GCC_NO_COMMON_BLOCKS = YES;
				GCC_WARN_64_TO_32_BIT_CONVERSION = YES;
				GCC_WARN_ABOUT_RETURN_TYPE = YES_ERROR;
				GCC_WARN_UNDECLARED_SELECTOR = YES;
				GCC_WARN_UNINITIALIZED_AUTOS = YES_AGGRESSIVE;
				GCC_WARN_UNUSED_FUNCTION = YES;
				GCC_WARN_UNUSED_VARIABLE = YES;
				IPHONEOS_DEPLOYMENT_TARGET = 18.0;
				LOCALIZATION_PREFERS_STRING_CATALOGS = YES;
				MTL_ENABLE_DEBUG_INFO = NO;
				MTL_FAST_MATH = YES;
				SDKROOT = iphoneos;
				SWIFT_COMPILATION_MODE = wholemodule;
				VALIDATE_PRODUCT = YES;
			};
			name = Release;
		};
		6B1F64B42D0554A700CDFA3D /* Debug */ = {
			isa = XCBuildConfiguration;
			buildSettings = {
				ASSETCATALOG_COMPILER_APPICON_NAME = AppIcon;
				ASSETCATALOG_COMPILER_GLOBAL_ACCENT_COLOR_NAME = AccentColor;
				CODE_SIGN_STYLE = Automatic;
				CURRENT_PROJECT_VERSION = 1;
				DEVELOPMENT_ASSET_PATHS = "\"Zen/Preview Content\"";
				DEVELOPMENT_TEAM = V6D662H8CQ;
				ENABLE_PREVIEWS = YES;
				GENERATE_INFOPLIST_FILE = YES;
				INFOPLIST_KEY_UIApplicationSceneManifest_Generation = YES;
				INFOPLIST_KEY_UIApplicationSupportsIndirectInputEvents = YES;
				INFOPLIST_KEY_UILaunchScreen_Generation = YES;
				INFOPLIST_KEY_UISupportedInterfaceOrientations_iPad = "UIInterfaceOrientationPortrait UIInterfaceOrientationPortraitUpsideDown UIInterfaceOrientationLandscapeLeft UIInterfaceOrientationLandscapeRight";
				INFOPLIST_KEY_UISupportedInterfaceOrientations_iPhone = "UIInterfaceOrientationPortrait UIInterfaceOrientationLandscapeLeft UIInterfaceOrientationLandscapeRight";
				LD_RUNPATH_SEARCH_PATHS = (
					"$(inherited)",
					"@executable_path/Frameworks",
				);
				MARKETING_VERSION = 1.0;
				OTHER_LDFLAGS = "";
				"OTHER_LDFLAGS[arch=*]" = (
					"-Xlinker",
					"-interposable",
				);
				PRODUCT_BUNDLE_IDENTIFIER = piy.Zen;
				PRODUCT_NAME = "$(TARGET_NAME)";
				SWIFT_EMIT_LOC_STRINGS = YES;
				SWIFT_VERSION = 5.0;
				TARGETED_DEVICE_FAMILY = "1,2";
			};
			name = Debug;
		};
		6B1F64B52D0554A700CDFA3D /* Release */ = {
			isa = XCBuildConfiguration;
			buildSettings = {
				ASSETCATALOG_COMPILER_APPICON_NAME = AppIcon;
				ASSETCATALOG_COMPILER_GLOBAL_ACCENT_COLOR_NAME = AccentColor;
				CODE_SIGN_STYLE = Automatic;
				CURRENT_PROJECT_VERSION = 1;
				DEVELOPMENT_ASSET_PATHS = "\"Zen/Preview Content\"";
				DEVELOPMENT_TEAM = V6D662H8CQ;
				ENABLE_PREVIEWS = YES;
				GENERATE_INFOPLIST_FILE = YES;
				INFOPLIST_KEY_UIApplicationSceneManifest_Generation = YES;
				INFOPLIST_KEY_UIApplicationSupportsIndirectInputEvents = YES;
				INFOPLIST_KEY_UILaunchScreen_Generation = YES;
				INFOPLIST_KEY_UISupportedInterfaceOrientations_iPad = "UIInterfaceOrientationPortrait UIInterfaceOrientationPortraitUpsideDown UIInterfaceOrientationLandscapeLeft UIInterfaceOrientationLandscapeRight";
				INFOPLIST_KEY_UISupportedInterfaceOrientations_iPhone = "UIInterfaceOrientationPortrait UIInterfaceOrientationLandscapeLeft UIInterfaceOrientationLandscapeRight";
				LD_RUNPATH_SEARCH_PATHS = (
					"$(inherited)",
					"@executable_path/Frameworks",
				);
				MARKETING_VERSION = 1.0;
				OTHER_LDFLAGS = "";
				PRODUCT_BUNDLE_IDENTIFIER = piy.Zen;
				PRODUCT_NAME = "$(TARGET_NAME)";
				SWIFT_EMIT_LOC_STRINGS = YES;
				SWIFT_VERSION = 5.0;
				TARGETED_DEVICE_FAMILY = "1,2";
			};
			name = Release;
		};
		6B1F64B72D0554A700CDFA3D /* Debug */ = {
			isa = XCBuildConfiguration;
			buildSettings = {
				BUNDLE_LOADER = "$(TEST_HOST)";
				CODE_SIGN_STYLE = Automatic;
				CURRENT_PROJECT_VERSION = 1;
				DEVELOPMENT_TEAM = V6D662H8CQ;
				GENERATE_INFOPLIST_FILE = YES;
				IPHONEOS_DEPLOYMENT_TARGET = 18.0;
				MARKETING_VERSION = 1.0;
				PRODUCT_BUNDLE_IDENTIFIER = piy.ZenTests;
				PRODUCT_NAME = "$(TARGET_NAME)";
				SWIFT_EMIT_LOC_STRINGS = NO;
				SWIFT_VERSION = 5.0;
				TARGETED_DEVICE_FAMILY = "1,2";
				TEST_HOST = "$(BUILT_PRODUCTS_DIR)/Zen.app/$(BUNDLE_EXECUTABLE_FOLDER_PATH)/Zen";
			};
			name = Debug;
		};
		6B1F64B82D0554A700CDFA3D /* Release */ = {
			isa = XCBuildConfiguration;
			buildSettings = {
				BUNDLE_LOADER = "$(TEST_HOST)";
				CODE_SIGN_STYLE = Automatic;
				CURRENT_PROJECT_VERSION = 1;
				DEVELOPMENT_TEAM = V6D662H8CQ;
				GENERATE_INFOPLIST_FILE = YES;
				IPHONEOS_DEPLOYMENT_TARGET = 18.0;
				MARKETING_VERSION = 1.0;
				PRODUCT_BUNDLE_IDENTIFIER = piy.ZenTests;
				PRODUCT_NAME = "$(TARGET_NAME)";
				SWIFT_EMIT_LOC_STRINGS = NO;
				SWIFT_VERSION = 5.0;
				TARGETED_DEVICE_FAMILY = "1,2";
				TEST_HOST = "$(BUILT_PRODUCTS_DIR)/Zen.app/$(BUNDLE_EXECUTABLE_FOLDER_PATH)/Zen";
			};
			name = Release;
		};
		6B1F64BA2D0554A700CDFA3D /* Debug */ = {
			isa = XCBuildConfiguration;
			buildSettings = {
				CODE_SIGN_STYLE = Automatic;
				CURRENT_PROJECT_VERSION = 1;
				DEVELOPMENT_TEAM = V6D662H8CQ;
				GENERATE_INFOPLIST_FILE = YES;
				MARKETING_VERSION = 1.0;
				PRODUCT_BUNDLE_IDENTIFIER = piy.ZenUITests;
				PRODUCT_NAME = "$(TARGET_NAME)";
				SWIFT_EMIT_LOC_STRINGS = NO;
				SWIFT_VERSION = 5.0;
				TARGETED_DEVICE_FAMILY = "1,2";
				TEST_TARGET_NAME = Zen;
			};
			name = Debug;
		};
		6B1F64BB2D0554A700CDFA3D /* Release */ = {
			isa = XCBuildConfiguration;
			buildSettings = {
				CODE_SIGN_STYLE = Automatic;
				CURRENT_PROJECT_VERSION = 1;
				DEVELOPMENT_TEAM = V6D662H8CQ;
				GENERATE_INFOPLIST_FILE = YES;
				MARKETING_VERSION = 1.0;
				PRODUCT_BUNDLE_IDENTIFIER = piy.ZenUITests;
				PRODUCT_NAME = "$(TARGET_NAME)";
				SWIFT_EMIT_LOC_STRINGS = NO;
				SWIFT_VERSION = 5.0;
				TARGETED_DEVICE_FAMILY = "1,2";
				TEST_TARGET_NAME = Zen;
			};
			name = Release;
		};
/* End XCBuildConfiguration section */

/* Begin XCConfigurationList section */
		6B1F64882D0554A400CDFA3D /* Build configuration list for PBXProject "Zen" */ = {
			isa = XCConfigurationList;
			buildConfigurations = (
				6B1F64B12D0554A700CDFA3D /* Debug */,
				6B1F64B22D0554A700CDFA3D /* Release */,
			);
			defaultConfigurationIsVisible = 0;
			defaultConfigurationName = Release;
		};
		6B1F64B32D0554A700CDFA3D /* Build configuration list for PBXNativeTarget "Zen" */ = {
			isa = XCConfigurationList;
			buildConfigurations = (
				6B1F64B42D0554A700CDFA3D /* Debug */,
				6B1F64B52D0554A700CDFA3D /* Release */,
			);
			defaultConfigurationIsVisible = 0;
			defaultConfigurationName = Release;
		};
		6B1F64B62D0554A700CDFA3D /* Build configuration list for PBXNativeTarget "ZenTests" */ = {
			isa = XCConfigurationList;
			buildConfigurations = (
				6B1F64B72D0554A700CDFA3D /* Debug */,
				6B1F64B82D0554A700CDFA3D /* Release */,
			);
			defaultConfigurationIsVisible = 0;
			defaultConfigurationName = Release;
		};
		6B1F64B92D0554A700CDFA3D /* Build configuration list for PBXNativeTarget "ZenUITests" */ = {
			isa = XCConfigurationList;
			buildConfigurations = (
				6B1F64BA2D0554A700CDFA3D /* Debug */,
				6B1F64BB2D0554A700CDFA3D /* Release */,
			);
			defaultConfigurationIsVisible = 0;
			defaultConfigurationName = Release;
		};
/* End XCConfigurationList section */

/* Begin XCRemoteSwiftPackageReference section */
		103FA79F2D54709F00D6F723 /* XCRemoteSwiftPackageReference "realm-swift" */ = {
			isa = XCRemoteSwiftPackageReference;
			repositoryURL = "https://github.com/realm/realm-swift.git";
			requirement = {
				kind = upToNextMajorVersion;
				minimumVersion = 20.0.1;
			};
		};
		103FA7D02D54A51D00D6F723 /* XCRemoteSwiftPackageReference "firebase-ios-sdk" */ = {
			isa = XCRemoteSwiftPackageReference;
			repositoryURL = "https://github.com/firebase/firebase-ios-sdk.git";
			requirement = {
				kind = upToNextMajorVersion;
				minimumVersion = 11.8.1;
			};
		};
		10D9A0A72D537F4800D56B16 /* XCRemoteSwiftPackageReference "GoogleSignIn-iOS" */ = {
			isa = XCRemoteSwiftPackageReference;
			repositoryURL = "https://github.com/google/GoogleSignIn-iOS";
			requirement = {
				kind = upToNextMajorVersion;
				minimumVersion = 8.0.0;
			};
		};
		6BA06B532D550D1E00AA7F4F /* XCRemoteSwiftPackageReference "Inject" */ = {
			isa = XCRemoteSwiftPackageReference;
			repositoryURL = "https://github.com/krzysztofzablocki/Inject.git";
			requirement = {
				kind = upToNextMajorVersion;
				minimumVersion = 1.2.4;
			};
		};
/* End XCRemoteSwiftPackageReference section */

/* Begin XCSwiftPackageProductDependency section */
		103FA7A02D54709F00D6F723 /* RealmSwift */ = {
			isa = XCSwiftPackageProductDependency;
			package = 103FA79F2D54709F00D6F723 /* XCRemoteSwiftPackageReference "realm-swift" */;
			productName = RealmSwift;
		};
		103FA7D12D54A51D00D6F723 /* FirebaseAuth */ = {
			isa = XCSwiftPackageProductDependency;
			package = 103FA7D02D54A51D00D6F723 /* XCRemoteSwiftPackageReference "firebase-ios-sdk" */;
			productName = FirebaseAuth;
		};
		103FA7D32D54A51D00D6F723 /* FirebaseAuthCombine-Community */ = {
			isa = XCSwiftPackageProductDependency;
			package = 103FA7D02D54A51D00D6F723 /* XCRemoteSwiftPackageReference "firebase-ios-sdk" */;
			productName = "FirebaseAuthCombine-Community";
		};
		10D9A0A82D537F4800D56B16 /* GoogleSignIn */ = {
			isa = XCSwiftPackageProductDependency;
			package = 10D9A0A72D537F4800D56B16 /* XCRemoteSwiftPackageReference "GoogleSignIn-iOS" */;
			productName = GoogleSignIn;
		};
		10D9A0AA2D537F4800D56B16 /* GoogleSignInSwift */ = {
			isa = XCSwiftPackageProductDependency;
			package = 10D9A0A72D537F4800D56B16 /* XCRemoteSwiftPackageReference "GoogleSignIn-iOS" */;
			productName = GoogleSignInSwift;
		};
		6BA06B542D550D1E00AA7F4F /* Inject */ = {
			isa = XCSwiftPackageProductDependency;
			package = 6BA06B532D550D1E00AA7F4F /* XCRemoteSwiftPackageReference "Inject" */;
			productName = Inject;
		};
/* End XCSwiftPackageProductDependency section */
	};
	rootObject = 6B1F64852D0554A400CDFA3D /* Project object */;
}
